
Microsoft Visual Studio Solution File, Format Version 12.00
# Visual Studio Version 16
VisualStudioVersion = 16.0.30907.101
MinimumVisualStudioVersion = 10.0.40219.1
Project("{9A19103F-16F7-4668-BE54-9A1E7A4F7556}") = "Demonstration", "Demonstration.csproj", "{7ED2FD47-0B24-4E7C-AF6D-84DC37D7D7CC}"
EndProject
Global
	GlobalSection(SolutionConfigurationPlatforms) = preSolution
		Debug|Any CPU = Debug|Any CPU
		Release|Any CPU = Release|Any CPU
	EndGlobalSection
	GlobalSection(ProjectConfigurationPlatforms) = postSolution
		{7ED2FD47-0B24-4E7C-AF6D-84DC37D7D7CC}.Debug|Any CPU.ActiveCfg = Debug|Any CPU
		{7ED2FD47-0B24-4E7C-AF6D-84DC37D7D7CC}.Debug|Any CPU.Build.0 = Debug|Any CPU
		{7ED2FD47-0B24-4E7C-AF6D-84DC37D7D7CC}.Release|Any CPU.ActiveCfg = Release|Any CPU
		{7ED2FD47-0B24-4E7C-AF6D-84DC37D7D7CC}.Release|Any CPU.Build.0 = Release|Any CPU
	EndGlobalSection
	GlobalSection(SolutionProperties) = preSolution
		HideSolutionNode = FALSE
	EndGlobalSection
	GlobalSection(ExtensibilityGlobals) = postSolution
		SolutionGuid = {91ECC14D-77F5-440A-8737-E157425B992D}
	EndGlobalSection
EndGlobal
