
Microsoft Visual Studio Solution File, Format Version 12.00
# Visual Studio Version 16
VisualStudioVersion = 16.0.30907.101
MinimumVisualStudioVersion = 10.0.40219.1
Project("{9A19103F-16F7-4668-BE54-9A1E7A4F7556}") = "ConsoleApplication", "ConsoleApplication\ConsoleApplication.csproj", "{24CD44AC-B67E-47F7-AE3D-313E337BE08F}"
EndProject
Project("{9A19103F-16F7-4668-BE54-9A1E7A4F7556}") = "Tweet", "Tweet\Tweet.csproj", "{589917D1-C4E1-40FC-943B-D7B6B288F53A}"
EndProject
Global
	GlobalSection(SolutionConfigurationPlatforms) = preSolution
		Debug|Any CPU = Debug|Any CPU
		Release|Any CPU = Release|Any CPU
	EndGlobalSection
	GlobalSection(ProjectConfigurationPlatforms) = postSolution
		{24CD44AC-B67E-47F7-AE3D-313E337BE08F}.Debug|Any CPU.ActiveCfg = Debug|Any CPU
		{24CD44AC-B67E-47F7-AE3D-313E337BE08F}.Debug|Any CPU.Build.0 = Debug|Any CPU
		{24CD44AC-B67E-47F7-AE3D-313E337BE08F}.Release|Any CPU.ActiveCfg = Release|Any CPU
		{24CD44AC-B67E-47F7-AE3D-313E337BE08F}.Release|Any CPU.Build.0 = Release|Any CPU
		{589917D1-C4E1-40FC-943B-D7B6B288F53A}.Debug|Any CPU.ActiveCfg = Debug|Any CPU
		{589917D1-C4E1-40FC-943B-D7B6B288F53A}.Debug|Any CPU.Build.0 = Debug|Any CPU
		{589917D1-C4E1-40FC-943B-D7B6B288F53A}.Release|Any CPU.ActiveCfg = Release|Any CPU
		{589917D1-C4E1-40FC-943B-D7B6B288F53A}.Release|Any CPU.Build.0 = Release|Any CPU
	EndGlobalSection
	GlobalSection(SolutionProperties) = preSolution
		HideSolutionNode = FALSE
	EndGlobalSection
	GlobalSection(ExtensibilityGlobals) = postSolution
		SolutionGuid = {0D274AE1-7166-41D7-924D-5EBCAD06A1C0}
	EndGlobalSection
EndGlobal
