
Microsoft Visual Studio Solution File, Format Version 12.00
# Visual Studio Version 16
VisualStudioVersion = 16.0.30907.101
MinimumVisualStudioVersion = 10.0.40219.1
Project("{FAE04EC0-301F-11D3-BF4B-00C04F79EFBC}") = "RefitProject", "RefitProject\RefitProject.csproj", "{BAE4FAAF-74DD-4A9E-8CB5-A67D5C72CBDA}"
EndProject
Project("{FAE04EC0-301F-11D3-BF4B-00C04F79EFBC}") = "APICall", "APICall\APICall.csproj", "{3A3640CD-FC3B-4AE4-A8FA-42671DCC4054}"
EndProject
Global
	GlobalSection(SolutionConfigurationPlatforms) = preSolution
		Debug|Any CPU = Debug|Any CPU
		Release|Any CPU = Release|Any CPU
	EndGlobalSection
	GlobalSection(ProjectConfigurationPlatforms) = postSolution
		{BAE4FAAF-74DD-4A9E-8CB5-A67D5C72CBDA}.Debug|Any CPU.ActiveCfg = Debug|Any CPU
		{BAE4FAAF-74DD-4A9E-8CB5-A67D5C72CBDA}.Debug|Any CPU.Build.0 = Debug|Any CPU
		{BAE4FAAF-74DD-4A9E-8CB5-A67D5C72CBDA}.Release|Any CPU.ActiveCfg = Release|Any CPU
		{BAE4FAAF-74DD-4A9E-8CB5-A67D5C72CBDA}.Release|Any CPU.Build.0 = Release|Any CPU
		{3A3640CD-FC3B-4AE4-A8FA-42671DCC4054}.Debug|Any CPU.ActiveCfg = Debug|Any CPU
		{3A3640CD-FC3B-4AE4-A8FA-42671DCC4054}.Debug|Any CPU.Build.0 = Debug|Any CPU
		{3A3640CD-FC3B-4AE4-A8FA-42671DCC4054}.Release|Any CPU.ActiveCfg = Release|Any CPU
		{3A3640CD-FC3B-4AE4-A8FA-42671DCC4054}.Release|Any CPU.Build.0 = Release|Any CPU
	EndGlobalSection
	GlobalSection(SolutionProperties) = preSolution
		HideSolutionNode = FALSE
	EndGlobalSection
	GlobalSection(ExtensibilityGlobals) = postSolution
		SolutionGuid = {A8062FD8-6A17-4A65-9BD9-3560B6D91CF5}
	EndGlobalSection
EndGlobal
